
Microsoft Visual Studio Solution File, Format Version 12.00
Project("{2150E333-8FDC-42A3-9474-1A3956D46DE8}") = "src", "src", "{FD0EC90C-91E2-4612-9174-FE21E4FA5C06}"
EndProject
Project("{FAE04EC0-301F-11D3-BF4B-00C04F79EFBC}") = "Exam3.Api", "Exam3.Api\Exam3.Api.csproj", "{707D21DE-53CE-4ECF-BF1C-D3C7AA050EF5}"
EndProject
Global
	GlobalSection(SolutionConfigurationPlatforms) = preSolution
		Debug|Any CPU = Debug|Any CPU
		Release|Any CPU = Release|Any CPU
	EndGlobalSection
	GlobalSection(ProjectConfigurationPlatforms) = postSolution
		{707D21DE-53CE-4ECF-BF1C-D3C7AA050EF5}.Debug|Any CPU.ActiveCfg = Debug|Any CPU
		{707D21DE-53CE-4ECF-BF1C-D3C7AA050EF5}.Debug|Any CPU.Build.0 = Debug|Any CPU
		{707D21DE-53CE-4ECF-BF1C-D3C7AA050EF5}.Release|Any CPU.ActiveCfg = Release|Any CPU
		{707D21DE-53CE-4ECF-BF1C-D3C7AA050EF5}.Release|Any CPU.Build.0 = Release|Any CPU
	EndGlobalSection
	GlobalSection(NestedProjects) = preSolution
		{707D21DE-53CE-4ECF-BF1C-D3C7AA050EF5} = {FD0EC90C-91E2-4612-9174-FE21E4FA5C06}
	EndGlobalSection
EndGlobal
